# This file is automatically @generated by Cargo.
# It is not intended for manual editing.
version = 4

[[package]]
name = "audhsos-abi"
version = "0.1.0"
dependencies = [
 "test-support",
]

[[package]]
name = "audhsos-elf"
version = "0.1.0"
dependencies = [
 "test-support",
]

[[package]]
name = "audhsos-kernel"
version = "0.1.0"
dependencies = [
 "audhsos-abi",
 "kernel-core",
 "kernel-hal-x86_64",
]

[[package]]
name = "audhsos-sync"
version = "0.1.0"

[[package]]
name = "audhsos-uefi"
version = "0.1.0"
dependencies = [
 "audhsos-abi",
 "test-support",
]

[[package]]
name = "driver-uart16550"
version = "0.1.0"
dependencies = [
 "test-support",
]

[[package]]
name = "kernel-core"
version = "0.1.0"
dependencies = [
 "audhsos-abi",
 "audhsos-sync",
 "kernel-hal-api",
 "kernel-types",
 "test-support",
]

[[package]]
name = "kernel-hal-api"
version = "0.1.0"
dependencies = [
 "kernel-types",
]

[[package]]
name = "kernel-hal-x86_64"
version = "0.1.0"
dependencies = [
 "audhsos-abi",
 "audhsos-sync",
 "driver-uart16550",
 "kernel-hal-api",
 "kernel-types",
 "kernel-x86-tables",
]

[[package]]
name = "kernel-mm"
version = "0.1.0"
dependencies = [
 "audhsos-abi",
 "kernel-hal-api",
 "kernel-types",
 "test-support",
]

[[package]]
name = "kernel-objects"
version = "0.1.0"
dependencies = [
 "audhsos-abi",
 "test-support",
]

[[package]]
name = "kernel-test-harness"
version = "0.1.0"
dependencies = [
 "kernel-hal-api",
]

[[package]]
name = "kernel-types"
version = "0.1.0"
dependencies = [
 "audhsos-abi",
 "test-support",
]

[[package]]
name = "kernel-x86-tables"
version = "0.1.0"
dependencies = [
 "test-support",
]

[[package]]
name = "test-support"
version = "0.1.0"

[[package]]
name = "xtask"
version = "0.1.0"
dependencies = [
 "audhsos-abi",
]
