# This file is automatically @generated by Cargo.
# It is not intended for manual editing.
version = 4

[[package]]
name = "audhsos-abi"
version = "0.1.0"
dependencies = [
 "test-support",
]

[[package]]
name = "audhsos-der"
version = "0.1.0"
dependencies = [
 "test-support",
]

[[package]]
name = "audhsos-elf"
version = "0.1.0"
dependencies = [
 "test-support",
]

[[package]]
name = "audhsos-kernel"
version = "0.1.0"
dependencies = [
 "audhsos-abi",
 "kernel-core",
 "kernel-hal-api",
 "kernel-hal-x86_64",
 "kernel-mm",
 "kernel-types",
]

[[package]]
name = "audhsos-symbols"
version = "0.1.0"
dependencies = [
 "audhsos-elf",
 "test-support",
]

[[package]]
name = "audhsos-sync"
version = "0.1.0"

[[package]]
name = "audhsos-tls"
version = "0.1.0"
dependencies = [
 "audhsos-der",
 "audhsos-x509",
 "crypto-aead",
 "crypto-ct",
 "crypto-ec",
 "crypto-hash",
 "crypto-rng",
 "test-support",
]

[[package]]
name = "audhsos-uefi"
version = "0.1.0"
dependencies = [
 "audhsos-abi",
 "test-support",
]

[[package]]
name = "audhsos-x509"
version = "0.1.0"
dependencies = [
 "audhsos-der",
 "crypto-ec",
 "crypto-hash",
 "test-support",
]

[[package]]
name = "boot-uefi-x86_64"
version = "0.1.0"
dependencies = [
 "audhsos-abi",
 "audhsos-elf",
 "audhsos-uefi",
 "kernel-hal-api",
 "kernel-mm",
 "kernel-types",
]

[[package]]
name = "crypto-aead"
version = "0.1.0"
dependencies = [
 "crypto-ct",
 "test-support",
]

[[package]]
name = "crypto-ct"
version = "0.1.0"
dependencies = [
 "test-support",
]

[[package]]
name = "crypto-ec"
version = "0.1.0"
dependencies = [
 "crypto-ct",
 "crypto-hash",
 "test-support",
]

[[package]]
name = "crypto-hash"
version = "0.1.0"
dependencies = [
 "crypto-ct",
 "test-support",
]

[[package]]
name = "crypto-rng"
version = "0.1.0"
dependencies = [
 "crypto-aead",
 "crypto-ct",
 "test-support",
]

[[package]]
name = "driver-uart16550"
version = "0.1.0"
dependencies = [
 "test-support",
]

[[package]]
name = "fuzz-support"
version = "0.1.0"

[[package]]
name = "kernel-acpi"
version = "0.1.0"
dependencies = [
 "kernel-types",
 "test-support",
]

[[package]]
name = "kernel-core"
version = "0.1.0"
dependencies = [
 "audhsos-abi",
 "audhsos-sync",
 "kernel-hal-api",
 "kernel-mm",
 "kernel-types",
 "test-support",
]

[[package]]
name = "kernel-hal-api"
version = "0.1.0"
dependencies = [
 "kernel-types",
]

[[package]]
name = "kernel-hal-x86_64"
version = "0.1.0"
dependencies = [
 "audhsos-abi",
 "audhsos-sync",
 "driver-uart16550",
 "kernel-hal-api",
 "kernel-mm",
 "kernel-test-harness",
 "kernel-types",
 "kernel-x86-tables",
]

[[package]]
name = "kernel-mm"
version = "0.1.0"
dependencies = [
 "audhsos-abi",
 "kernel-hal-api",
 "kernel-types",
 "test-support",
]

[[package]]
name = "kernel-objects"
version = "0.1.0"
dependencies = [
 "audhsos-abi",
 "test-support",
]

[[package]]
name = "kernel-test-harness"
version = "0.1.0"
dependencies = [
 "kernel-hal-api",
]

[[package]]
name = "kernel-types"
version = "0.1.0"
dependencies = [
 "audhsos-abi",
 "test-support",
]

[[package]]
name = "kernel-x86-tables"
version = "0.1.0"
dependencies = [
 "test-support",
]

[[package]]
name = "test-support"
version = "0.1.0"

[[package]]
name = "xtask"
version = "0.1.0"
dependencies = [
 "audhsos-abi",
 "audhsos-symbols",
 "kernel-test-harness",
]
