# This file is automatically @generated by Cargo.
# It is not intended for manual editing.
version = 4

[[package]]
name = "app-canvas"
version = "0.1.0"
dependencies = [
 "gfx",
 "user-proto",
]

[[package]]
name = "audhsos-abi"
version = "0.1.0"
dependencies = [
 "test-support",
]

[[package]]
name = "audhsos-collections"
version = "0.1.0"
dependencies = [
 "test-support",
]

[[package]]
name = "audhsos-deflate"
version = "0.1.0"
dependencies = [
 "test-support",
]

[[package]]
name = "audhsos-der"
version = "0.1.0"
dependencies = [
 "audhsos-time",
 "test-support",
]

[[package]]
name = "audhsos-elf"
version = "0.1.0"
dependencies = [
 "test-support",
]

[[package]]
name = "audhsos-encoding"
version = "0.1.0"
dependencies = [
 "test-support",
]

[[package]]
name = "audhsos-event-target"
version = "0.1.0"

[[package]]
name = "audhsos-json"
version = "0.1.0"

[[package]]
name = "audhsos-kernel"
version = "0.1.0"
dependencies = [
 "audhsos-abi",
 "audhsos-sync",
 "kernel-core",
 "kernel-hal-api",
 "kernel-hal-x86_64",
 "kernel-ipc",
 "kernel-mm",
 "kernel-objects",
 "kernel-syscall",
 "kernel-types",
]

[[package]]
name = "audhsos-math"
version = "0.1.0"

[[package]]
name = "audhsos-regex"
version = "0.1.0"
dependencies = [
 "test-support",
]

[[package]]
name = "audhsos-regex-bt"
version = "0.1.0"
dependencies = [
 "audhsos-regex",
]

[[package]]
name = "audhsos-ssh"
version = "0.1.0"
dependencies = [
 "crypto-aead",
 "crypto-ct",
 "crypto-dh",
 "crypto-ec",
 "crypto-hash",
 "crypto-rng",
 "test-support",
]

[[package]]
name = "audhsos-symbols"
version = "0.1.0"
dependencies = [
 "audhsos-elf",
 "test-support",
]

[[package]]
name = "audhsos-sync"
version = "0.1.0"

[[package]]
name = "audhsos-time"
version = "0.1.0"
dependencies = [
 "test-support",
]

[[package]]
name = "audhsos-timer-queue"
version = "0.1.0"

[[package]]
name = "audhsos-tls"
version = "0.1.0"
dependencies = [
 "audhsos-der",
 "audhsos-time",
 "audhsos-x509",
 "crypto-aead",
 "crypto-ct",
 "crypto-ec",
 "crypto-hash",
 "crypto-rng",
 "test-support",
]

[[package]]
name = "audhsos-uefi"
version = "0.1.0"
dependencies = [
 "audhsos-abi",
 "audhsos-time",
 "test-support",
]

[[package]]
name = "audhsos-utf16"
version = "0.1.0"

[[package]]
name = "audhsos-x509"
version = "0.1.0"
dependencies = [
 "audhsos-der",
 "audhsos-time",
 "crypto-ec",
 "crypto-hash",
 "crypto-rsa",
 "test-support",
]

[[package]]
name = "boot-uefi-x86_64"
version = "0.1.0"
dependencies = [
 "audhsos-abi",
 "audhsos-elf",
 "audhsos-uefi",
 "kernel-hal-api",
 "kernel-mm",
 "kernel-types",
]

[[package]]
name = "crypto-aead"
version = "0.1.0"
dependencies = [
 "crypto-ct",
 "test-support",
]

[[package]]
name = "crypto-bignum"
version = "0.1.0"
dependencies = [
 "crypto-ct",
 "test-support",
]

[[package]]
name = "crypto-ct"
version = "0.1.0"
dependencies = [
 "test-support",
]

[[package]]
name = "crypto-dh"
version = "0.1.0"
dependencies = [
 "crypto-bignum",
 "crypto-ct",
 "test-support",
]

[[package]]
name = "crypto-ec"
version = "0.1.0"
dependencies = [
 "crypto-bignum",
 "crypto-ct",
 "crypto-hash",
 "test-support",
]

[[package]]
name = "crypto-hash"
version = "0.1.0"
dependencies = [
 "crypto-ct",
 "test-support",
]

[[package]]
name = "crypto-rng"
version = "0.1.0"
dependencies = [
 "crypto-aead",
 "crypto-ct",
 "test-support",
]

[[package]]
name = "crypto-rsa"
version = "0.1.0"
dependencies = [
 "crypto-bignum",
 "crypto-ct",
 "crypto-hash",
 "test-support",
]

[[package]]
name = "doc-html"
version = "0.1.0"
dependencies = [
 "doc-markdown",
]

[[package]]
name = "doc-markdown"
version = "0.1.0"
dependencies = [
 "test-support",
]

[[package]]
name = "doc-pdf"
version = "0.1.0"
dependencies = [
 "audhsos-deflate",
 "test-support",
]

[[package]]
name = "doc-svg"
version = "0.1.0"
dependencies = [
 "doc-html",
 "doc-pdf",
]

[[package]]
name = "docpdf"
version = "0.1.0"
dependencies = [
 "doc-html",
 "doc-markdown",
 "doc-pdf",
 "doc-svg",
 "test-support",
]

[[package]]
name = "driver-i8042"
version = "0.1.0"
dependencies = [
 "test-support",
]

[[package]]
name = "driver-uart16550"
version = "0.1.0"
dependencies = [
 "test-support",
]

[[package]]
name = "driver-virtio-blk"
version = "0.1.0"
dependencies = [
 "test-support",
 "virtio-queue",
]

[[package]]
name = "fs-fat"
version = "0.1.0"
dependencies = [
 "audhsos-time",
 "test-support",
]

[[package]]
name = "fs-gpt"
version = "0.1.0"
dependencies = [
 "fs-fat",
 "test-support",
]

[[package]]
name = "fuzz-support"
version = "0.1.0"

[[package]]
name = "gfx"
version = "0.1.0"
dependencies = [
 "audhsos-abi",
 "test-support",
]

[[package]]
name = "jrs"
version = "0.1.0"
dependencies = [
 "audhsos-event-target",
 "audhsos-json",
 "audhsos-math",
 "audhsos-regex",
 "audhsos-timer-queue",
 "audhsos-utf16",
 "test-support",
]

[[package]]
name = "jrs-cli"
version = "0.1.0"
dependencies = [
 "doc-html",
 "jrs",
]

[[package]]
name = "kernel-acpi"
version = "0.1.0"
dependencies = [
 "kernel-types",
 "test-support",
]

[[package]]
name = "kernel-core"
version = "0.1.0"
dependencies = [
 "audhsos-abi",
 "audhsos-elf",
 "audhsos-sync",
 "kernel-hal-api",
 "kernel-mm",
 "kernel-objects",
 "kernel-sched",
 "kernel-syscall",
 "kernel-types",
 "test-support",
]

[[package]]
name = "kernel-hal-api"
version = "0.1.0"
dependencies = [
 "audhsos-abi",
 "kernel-types",
]

[[package]]
name = "kernel-hal-x86_64"
version = "0.1.0"
dependencies = [
 "audhsos-abi",
 "audhsos-sync",
 "driver-uart16550",
 "kernel-acpi",
 "kernel-hal-api",
 "kernel-mm",
 "kernel-test-harness",
 "kernel-types",
 "kernel-x86-tables",
]

[[package]]
name = "kernel-ipc"
version = "0.1.0"
dependencies = [
 "audhsos-abi",
 "kernel-objects",
 "kernel-sched",
 "kernel-types",
 "test-support",
]

[[package]]
name = "kernel-mm"
version = "0.1.0"
dependencies = [
 "audhsos-abi",
 "kernel-hal-api",
 "kernel-types",
 "test-support",
]

[[package]]
name = "kernel-objects"
version = "0.1.0"
dependencies = [
 "audhsos-abi",
 "kernel-mm",
 "kernel-types",
 "test-support",
]

[[package]]
name = "kernel-sched"
version = "0.1.0"
dependencies = [
 "audhsos-abi",
 "kernel-objects",
 "kernel-types",
]

[[package]]
name = "kernel-syscall"
version = "0.1.0"
dependencies = [
 "audhsos-abi",
 "kernel-ipc",
 "kernel-mm",
 "kernel-objects",
 "kernel-sched",
 "kernel-types",
]

[[package]]
name = "kernel-test-harness"
version = "0.1.0"
dependencies = [
 "kernel-hal-api",
]

[[package]]
name = "kernel-types"
version = "0.1.0"
dependencies = [
 "audhsos-abi",
 "test-support",
]

[[package]]
name = "kernel-x86-tables"
version = "0.1.0"
dependencies = [
 "test-support",
]

[[package]]
name = "net-dhcp"
version = "0.1.0"
dependencies = [
 "audhsos-collections",
 "audhsos-time",
 "crypto-rng",
 "net-udp",
 "net-wire",
 "test-support",
]

[[package]]
name = "net-dns"
version = "0.1.0"
dependencies = [
 "audhsos-collections",
 "audhsos-time",
 "crypto-rng",
 "net-udp",
 "net-wire",
 "test-support",
]

[[package]]
name = "net-eth"
version = "0.1.0"
dependencies = [
 "audhsos-collections",
 "audhsos-time",
 "net-wire",
 "test-support",
]

[[package]]
name = "net-http"
version = "0.1.0"
dependencies = [
 "net-wire",
 "test-support",
]

[[package]]
name = "net-ip"
version = "0.1.0"
dependencies = [
 "audhsos-collections",
 "audhsos-time",
 "net-eth",
 "net-wire",
 "test-support",
]

[[package]]
name = "net-ipv6"
version = "0.1.0"
dependencies = [
 "audhsos-collections",
 "audhsos-time",
 "net-eth",
 "net-ip",
 "net-wire",
 "test-support",
]

[[package]]
name = "net-stack"
version = "0.1.0"
dependencies = [
 "audhsos-collections",
 "audhsos-time",
 "crypto-rng",
 "net-dhcp",
 "net-dns",
 "net-eth",
 "net-ip",
 "net-ipv6",
 "net-tcp",
 "net-udp",
 "net-wire",
 "test-support",
]

[[package]]
name = "net-tcp"
version = "0.1.0"
dependencies = [
 "audhsos-collections",
 "audhsos-time",
 "crypto-rng",
 "net-wire",
 "test-support",
]

[[package]]
name = "net-udp"
version = "0.1.0"
dependencies = [
 "crypto-rng",
 "net-wire",
 "test-support",
]

[[package]]
name = "net-wire"
version = "0.1.0"
dependencies = [
 "test-support",
]

[[package]]
name = "norec"
version = "0.1.0"

[[package]]
name = "pci"
version = "0.1.0"
dependencies = [
 "test-support",
]

[[package]]
name = "server-console"
version = "0.1.0"
dependencies = [
 "audhsos-collections",
 "driver-uart16550",
]

[[package]]
name = "server-display"
version = "0.1.0"
dependencies = [
 "audhsos-abi",
 "audhsos-collections",
 "gfx",
 "user-proto",
]

[[package]]
name = "server-input"
version = "0.1.0"
dependencies = [
 "audhsos-abi",
 "audhsos-collections",
 "driver-i8042",
 "user-proto",
]

[[package]]
name = "server-memory"
version = "0.1.0"
dependencies = [
 "audhsos-abi",
 "audhsos-collections",
 "test-support",
]

[[package]]
name = "server-name"
version = "0.1.0"
dependencies = [
 "audhsos-abi",
 "audhsos-collections",
 "user-proto",
]

[[package]]
name = "test-support"
version = "0.1.0"

[[package]]
name = "user-loader"
version = "0.1.0"
dependencies = [
 "audhsos-abi",
 "audhsos-elf",
 "test-support",
]

[[package]]
name = "user-programs"
version = "0.1.0"
dependencies = [
 "app-canvas",
 "audhsos-abi",
 "driver-i8042",
 "driver-uart16550",
 "gfx",
 "pci",
 "server-console",
 "server-display",
 "server-input",
 "server-memory",
 "server-name",
 "user-loader",
 "user-proto",
 "user-rt",
 "user-sys-x86_64",
]

[[package]]
name = "user-proto"
version = "0.1.0"
dependencies = [
 "audhsos-abi",
 "driver-i8042",
 "gfx",
 "user-rt",
]

[[package]]
name = "user-rt"
version = "0.1.0"
dependencies = [
 "audhsos-abi",
 "audhsos-collections",
 "test-support",
]

[[package]]
name = "user-sys-x86_64"
version = "0.1.0"
dependencies = [
 "audhsos-abi",
 "user-rt",
]

[[package]]
name = "user-test-programs"
version = "0.1.0"
dependencies = [
 "audhsos-abi",
 "user-rt",
 "user-sys-x86_64",
]

[[package]]
name = "virtio-queue"
version = "0.1.0"
dependencies = [
 "audhsos-collections",
 "test-support",
]

[[package]]
name = "xtask"
version = "0.1.0"
dependencies = [
 "app-canvas",
 "audhsos-abi",
 "audhsos-symbols",
 "audhsos-time",
 "driver-i8042",
 "fs-fat",
 "fs-gpt",
 "gfx",
 "kernel-test-harness",
 "server-display",
 "user-loader",
]
