# This file is automatically @generated by Cargo.
# It is not intended for manual editing.
version = 4

[[package]]
name = "audhsos-abi"
version = "0.1.0"

[[package]]
name = "audhsos-collections"
version = "0.1.0"

[[package]]
name = "audhsos-der"
version = "0.1.0"
dependencies = [
 "audhsos-time",
]

[[package]]
name = "audhsos-elf"
version = "0.1.0"

[[package]]
name = "audhsos-encoding"
version = "0.1.0"

[[package]]
name = "audhsos-event-target"
version = "0.1.0"

[[package]]
name = "audhsos-json"
version = "0.1.0"

[[package]]
name = "audhsos-math"
version = "0.1.0"

[[package]]
name = "audhsos-regex"
version = "0.1.0"

[[package]]
name = "audhsos-regex-bt"
version = "0.1.0"
dependencies = [
 "audhsos-regex",
]

[[package]]
name = "audhsos-time"
version = "0.1.0"

[[package]]
name = "audhsos-timer-queue"
version = "0.1.0"

[[package]]
name = "audhsos-tls"
version = "0.1.0"
dependencies = [
 "audhsos-der",
 "audhsos-time",
 "audhsos-x509",
 "crypto-aead",
 "crypto-ct",
 "crypto-ec",
 "crypto-hash",
 "crypto-rng",
]

[[package]]
name = "audhsos-utf16"
version = "0.1.0"

[[package]]
name = "audhsos-x509"
version = "0.1.0"
dependencies = [
 "audhsos-der",
 "audhsos-time",
 "crypto-ec",
 "crypto-hash",
 "crypto-rsa",
]

[[package]]
name = "boot_image_header"
version = "0.1.0"
dependencies = [
 "audhsos-abi",
 "fuzz-support",
]

[[package]]
name = "boot_info"
version = "0.1.0"
dependencies = [
 "audhsos-abi",
 "fuzz-support",
]

[[package]]
name = "crypto-aead"
version = "0.1.0"
dependencies = [
 "crypto-ct",
]

[[package]]
name = "crypto-bignum"
version = "0.1.0"
dependencies = [
 "crypto-ct",
]

[[package]]
name = "crypto-ct"
version = "0.1.0"

[[package]]
name = "crypto-ec"
version = "0.1.0"
dependencies = [
 "crypto-bignum",
 "crypto-ct",
 "crypto-hash",
]

[[package]]
name = "crypto-hash"
version = "0.1.0"
dependencies = [
 "crypto-ct",
]

[[package]]
name = "crypto-rng"
version = "0.1.0"
dependencies = [
 "crypto-aead",
 "crypto-ct",
]

[[package]]
name = "crypto-rsa"
version = "0.1.0"
dependencies = [
 "crypto-bignum",
 "crypto-ct",
 "crypto-hash",
]

[[package]]
name = "db-sqlite"
version = "0.1.0"

[[package]]
name = "der"
version = "0.1.0"
dependencies = [
 "audhsos-der",
 "fuzz-support",
]

[[package]]
name = "dns_message"
version = "0.1.0"
dependencies = [
 "audhsos-time",
 "crypto-rng",
 "fuzz-support",
 "net-dns",
 "net-wire",
]

[[package]]
name = "driver-i8042"
version = "0.1.0"

[[package]]
name = "elf"
version = "0.1.0"
dependencies = [
 "audhsos-elf",
 "fuzz-support",
]

[[package]]
name = "event_target"
version = "0.1.0"
dependencies = [
 "audhsos-event-target",
 "fuzz-support",
]

[[package]]
name = "fuzz-support"
version = "0.1.0"

[[package]]
name = "http_response"
version = "0.1.0"
dependencies = [
 "fuzz-support",
 "net-http",
]

[[package]]
name = "ipv4"
version = "0.1.0"
dependencies = [
 "audhsos-time",
 "fuzz-support",
 "net-ip",
 "net-wire",
]

[[package]]
name = "ipv6"
version = "0.1.0"
dependencies = [
 "audhsos-time",
 "fuzz-support",
 "net-ip",
 "net-ipv6",
 "net-wire",
]

[[package]]
name = "jrs"
version = "0.1.0"
dependencies = [
 "audhsos-event-target",
 "audhsos-json",
 "audhsos-math",
 "audhsos-regex",
 "audhsos-timer-queue",
 "audhsos-utf16",
]

[[package]]
name = "jrs_source"
version = "0.1.0"
dependencies = [
 "fuzz-support",
 "jrs",
]

[[package]]
name = "json_codec"
version = "0.1.0"
dependencies = [
 "audhsos-json",
 "fuzz-support",
]

[[package]]
name = "kernel-acpi"
version = "0.1.0"
dependencies = [
 "kernel-types",
]

[[package]]
name = "kernel-types"
version = "0.1.0"
dependencies = [
 "audhsos-abi",
]

[[package]]
name = "madt"
version = "0.1.0"
dependencies = [
 "fuzz-support",
 "kernel-acpi",
]

[[package]]
name = "math_pow"
version = "0.1.0"
dependencies = [
 "audhsos-math",
 "fuzz-support",
]

[[package]]
name = "mcfg"
version = "0.1.0"
dependencies = [
 "fuzz-support",
 "kernel-acpi",
]

[[package]]
name = "mouse_packet"
version = "0.1.0"
dependencies = [
 "driver-i8042",
 "fuzz-support",
]

[[package]]
name = "net-dns"
version = "0.1.0"
dependencies = [
 "audhsos-collections",
 "audhsos-time",
 "crypto-rng",
 "net-udp",
 "net-wire",
]

[[package]]
name = "net-eth"
version = "0.1.0"
dependencies = [
 "audhsos-collections",
 "audhsos-time",
 "net-wire",
]

[[package]]
name = "net-http"
version = "0.1.0"
dependencies = [
 "net-wire",
]

[[package]]
name = "net-ip"
version = "0.1.0"
dependencies = [
 "audhsos-collections",
 "audhsos-time",
 "net-eth",
 "net-wire",
]

[[package]]
name = "net-ipv6"
version = "0.1.0"
dependencies = [
 "audhsos-collections",
 "audhsos-time",
 "net-eth",
 "net-ip",
 "net-wire",
]

[[package]]
name = "net-tcp"
version = "0.1.0"
dependencies = [
 "audhsos-collections",
 "audhsos-time",
 "crypto-rng",
 "net-wire",
]

[[package]]
name = "net-udp"
version = "0.1.0"
dependencies = [
 "crypto-rng",
 "net-wire",
]

[[package]]
name = "net-wire"
version = "0.1.0"

[[package]]
name = "pci"
version = "0.1.0"

[[package]]
name = "pci_config"
version = "0.1.0"
dependencies = [
 "fuzz-support",
 "pci",
]

[[package]]
name = "pem"
version = "0.1.0"
dependencies = [
 "audhsos-encoding",
 "fuzz-support",
]

[[package]]
name = "regex_bt"
version = "0.1.0"
dependencies = [
 "audhsos-regex",
 "audhsos-regex-bt",
 "fuzz-support",
]

[[package]]
name = "regex_nfa"
version = "0.1.0"
dependencies = [
 "audhsos-regex",
 "fuzz-support",
]

[[package]]
name = "rsa"
version = "0.1.0"
dependencies = [
 "crypto-rsa",
 "fuzz-support",
]

[[package]]
name = "scancode"
version = "0.1.0"
dependencies = [
 "driver-i8042",
 "fuzz-support",
]

[[package]]
name = "sqlite_eval"
version = "0.1.0"
dependencies = [
 "db-sqlite",
 "fuzz-support",
]

[[package]]
name = "sqlite_expr"
version = "0.1.0"
dependencies = [
 "db-sqlite",
 "fuzz-support",
]

[[package]]
name = "sqlite_image"
version = "0.1.0"
dependencies = [
 "db-sqlite",
 "fuzz-support",
]

[[package]]
name = "sqlite_tokens"
version = "0.1.0"
dependencies = [
 "db-sqlite",
 "fuzz-support",
]

[[package]]
name = "tar"
version = "0.1.0"
dependencies = [
 "fuzz-support",
 "user-loader",
]

[[package]]
name = "tcp_segment"
version = "0.1.0"
dependencies = [
 "audhsos-time",
 "crypto-rng",
 "fuzz-support",
 "net-tcp",
 "net-wire",
]

[[package]]
name = "timer_queue"
version = "0.1.0"
dependencies = [
 "audhsos-timer-queue",
 "fuzz-support",
]

[[package]]
name = "tls_handshake"
version = "0.1.0"
dependencies = [
 "audhsos-tls",
 "fuzz-support",
]

[[package]]
name = "tls_record"
version = "0.1.0"
dependencies = [
 "audhsos-tls",
 "fuzz-support",
]

[[package]]
name = "user-loader"
version = "0.1.0"
dependencies = [
 "audhsos-abi",
 "audhsos-elf",
]

[[package]]
name = "utf16_search"
version = "0.1.0"
dependencies = [
 "audhsos-utf16",
 "fuzz-support",
]

[[package]]
name = "x509"
version = "0.1.0"
dependencies = [
 "audhsos-time",
 "audhsos-x509",
 "fuzz-support",
]
