# This file is automatically @generated by Cargo.
# It is not intended for manual editing.
version = 4

[[package]]
name = "audhsos-abi"
version = "0.1.0"

[[package]]
name = "audhsos-collections"
version = "0.1.0"

[[package]]
name = "audhsos-der"
version = "0.1.0"
dependencies = [
 "audhsos-time",
]

[[package]]
name = "audhsos-elf"
version = "0.1.0"

[[package]]
name = "audhsos-encoding"
version = "0.1.0"

[[package]]
name = "audhsos-time"
version = "0.1.0"

[[package]]
name = "audhsos-tls"
version = "0.1.0"
dependencies = [
 "audhsos-der",
 "audhsos-time",
 "audhsos-x509",
 "crypto-aead",
 "crypto-ct",
 "crypto-ec",
 "crypto-hash",
 "crypto-rng",
]

[[package]]
name = "audhsos-x509"
version = "0.1.0"
dependencies = [
 "audhsos-der",
 "audhsos-time",
 "crypto-ec",
 "crypto-hash",
 "crypto-rsa",
]

[[package]]
name = "boot_image_header"
version = "0.1.0"
dependencies = [
 "audhsos-abi",
 "fuzz-support",
]

[[package]]
name = "boot_info"
version = "0.1.0"
dependencies = [
 "audhsos-abi",
 "fuzz-support",
]

[[package]]
name = "crypto-aead"
version = "0.1.0"
dependencies = [
 "crypto-ct",
]

[[package]]
name = "crypto-bignum"
version = "0.1.0"

[[package]]
name = "crypto-ct"
version = "0.1.0"

[[package]]
name = "crypto-ec"
version = "0.1.0"
dependencies = [
 "crypto-bignum",
 "crypto-ct",
 "crypto-hash",
]

[[package]]
name = "crypto-hash"
version = "0.1.0"
dependencies = [
 "crypto-ct",
]

[[package]]
name = "crypto-rng"
version = "0.1.0"
dependencies = [
 "crypto-aead",
 "crypto-ct",
]

[[package]]
name = "crypto-rsa"
version = "0.1.0"
dependencies = [
 "crypto-bignum",
 "crypto-ct",
 "crypto-hash",
]

[[package]]
name = "der"
version = "0.1.0"
dependencies = [
 "audhsos-der",
 "fuzz-support",
]

[[package]]
name = "elf"
version = "0.1.0"
dependencies = [
 "audhsos-elf",
 "fuzz-support",
]

[[package]]
name = "fuzz-support"
version = "0.1.0"

[[package]]
name = "ipv4"
version = "0.1.0"
dependencies = [
 "audhsos-time",
 "fuzz-support",
 "net-ip",
 "net-wire",
]

[[package]]
name = "ipv6"
version = "0.1.0"
dependencies = [
 "audhsos-time",
 "fuzz-support",
 "net-ip",
 "net-ipv6",
 "net-wire",
]

[[package]]
name = "kernel-acpi"
version = "0.1.0"
dependencies = [
 "kernel-types",
]

[[package]]
name = "kernel-types"
version = "0.1.0"
dependencies = [
 "audhsos-abi",
]

[[package]]
name = "madt"
version = "0.1.0"
dependencies = [
 "fuzz-support",
 "kernel-acpi",
]

[[package]]
name = "net-eth"
version = "0.1.0"
dependencies = [
 "audhsos-collections",
 "audhsos-time",
 "net-wire",
]

[[package]]
name = "net-ip"
version = "0.1.0"
dependencies = [
 "audhsos-collections",
 "audhsos-time",
 "net-eth",
 "net-wire",
]

[[package]]
name = "net-ipv6"
version = "0.1.0"
dependencies = [
 "audhsos-collections",
 "audhsos-time",
 "net-eth",
 "net-ip",
 "net-wire",
]

[[package]]
name = "net-wire"
version = "0.1.0"

[[package]]
name = "pem"
version = "0.1.0"
dependencies = [
 "audhsos-encoding",
 "fuzz-support",
]

[[package]]
name = "rsa"
version = "0.1.0"
dependencies = [
 "crypto-rsa",
 "fuzz-support",
]

[[package]]
name = "tls_handshake"
version = "0.1.0"
dependencies = [
 "audhsos-tls",
 "fuzz-support",
]

[[package]]
name = "tls_record"
version = "0.1.0"
dependencies = [
 "audhsos-tls",
 "fuzz-support",
]

[[package]]
name = "x509"
version = "0.1.0"
dependencies = [
 "audhsos-time",
 "audhsos-x509",
 "fuzz-support",
]
