# This file is automatically @generated by Cargo.
# It is not intended for manual editing.
version = 4

[[package]]
name = "audhsos-abi"
version = "0.1.0"

[[package]]
name = "audhsos-elf"
version = "0.1.0"

[[package]]
name = "boot_image_header"
version = "0.1.0"
dependencies = [
 "audhsos-abi",
 "fuzz-support",
]

[[package]]
name = "boot_info"
version = "0.1.0"
dependencies = [
 "audhsos-abi",
 "fuzz-support",
]

[[package]]
name = "elf"
version = "0.1.0"
dependencies = [
 "audhsos-elf",
 "fuzz-support",
]

[[package]]
name = "fuzz-support"
version = "0.1.0"
