# This file is automatically @generated by Cargo.
# It is not intended for manual editing.
version = 4

[[package]]
name = "audhsos-der"
version = "0.1.0"
dependencies = [
 "audhsos-time",
]

[[package]]
name = "audhsos-encoding"
version = "0.1.0"

[[package]]
name = "audhsos-time"
version = "0.1.0"

[[package]]
name = "audhsos-tls"
version = "0.1.0"
dependencies = [
 "audhsos-der",
 "audhsos-time",
 "audhsos-x509",
 "crypto-aead",
 "crypto-ct",
 "crypto-ec",
 "crypto-hash",
 "crypto-rng",
]

[[package]]
name = "audhsos-x509"
version = "0.1.0"
dependencies = [
 "audhsos-der",
 "audhsos-time",
 "crypto-ec",
 "crypto-hash",
 "crypto-rsa",
]

[[package]]
name = "crypto-aead"
version = "0.1.0"
dependencies = [
 "crypto-ct",
]

[[package]]
name = "crypto-bignum"
version = "0.1.0"

[[package]]
name = "crypto-ct"
version = "0.1.0"

[[package]]
name = "crypto-ec"
version = "0.1.0"
dependencies = [
 "crypto-bignum",
 "crypto-ct",
 "crypto-hash",
]

[[package]]
name = "crypto-hash"
version = "0.1.0"
dependencies = [
 "crypto-ct",
]

[[package]]
name = "crypto-rng"
version = "0.1.0"
dependencies = [
 "crypto-aead",
 "crypto-ct",
]

[[package]]
name = "crypto-rsa"
version = "0.1.0"
dependencies = [
 "crypto-bignum",
 "crypto-ct",
 "crypto-hash",
]

[[package]]
name = "tls-probe"
version = "0.1.0"
dependencies = [
 "audhsos-encoding",
 "audhsos-time",
 "audhsos-tls",
 "audhsos-x509",
 "crypto-rng",
]
